
Microsoft Visual Studio Solution File, Format Version 12.00
# Visual Studio 15
VisualStudioVersion = 15.0.27004.2008
MinimumVisualStudioVersion = 10.0.40219.1
Project("{FAE04EC0-301F-11D3-BF4B-00C04F79EFBC}") = "VVFGeoFleet", "VVFGeoFleet\VVFGeoFleet.csproj", "{C8C3F773-B0BA-4185-B30A-9594CF12093A}"
EndProject
Project("{FAE04EC0-301F-11D3-BF4B-00C04F79EFBC}") = "Modello", "Modello\Modello.csproj", "{96DAF73A-CA16-4F9F-B1BD-053E6AF1157D}"
EndProject
Project("{FAE04EC0-301F-11D3-BF4B-00C04F79EFBC}") = "Persistence.MongoDB", "Persistence.MongoDB\Persistence.MongoDB.csproj", "{A5EB7AC8-7715-4A42-AB29-43F6D82DBB03}"
EndProject
Project("{2150E333-8FDC-42A3-9474-1A3956D46DE8}") = "SolutionFiles", "SolutionFiles", "{5AF6F687-6B1C-43EC-8DDB-B5AD0181120A}"
	ProjectSection(SolutionItems) = preProject
		VVFGeoFleet.licenseheader = VVFGeoFleet.licenseheader
	EndProjectSection
EndProject
Global
	GlobalSection(SolutionConfigurationPlatforms) = preSolution
		Debug|Any CPU = Debug|Any CPU
		Release|Any CPU = Release|Any CPU
	EndGlobalSection
	GlobalSection(ProjectConfigurationPlatforms) = postSolution
		{C8C3F773-B0BA-4185-B30A-9594CF12093A}.Debug|Any CPU.ActiveCfg = Debug|Any CPU
		{C8C3F773-B0BA-4185-B30A-9594CF12093A}.Debug|Any CPU.Build.0 = Debug|Any CPU
		{C8C3F773-B0BA-4185-B30A-9594CF12093A}.Release|Any CPU.ActiveCfg = Release|Any CPU
		{C8C3F773-B0BA-4185-B30A-9594CF12093A}.Release|Any CPU.Build.0 = Release|Any CPU
		{96DAF73A-CA16-4F9F-B1BD-053E6AF1157D}.Debug|Any CPU.ActiveCfg = Debug|Any CPU
		{96DAF73A-CA16-4F9F-B1BD-053E6AF1157D}.Debug|Any CPU.Build.0 = Debug|Any CPU
		{96DAF73A-CA16-4F9F-B1BD-053E6AF1157D}.Release|Any CPU.ActiveCfg = Release|Any CPU
		{96DAF73A-CA16-4F9F-B1BD-053E6AF1157D}.Release|Any CPU.Build.0 = Release|Any CPU
		{A5EB7AC8-7715-4A42-AB29-43F6D82DBB03}.Debug|Any CPU.ActiveCfg = Debug|Any CPU
		{A5EB7AC8-7715-4A42-AB29-43F6D82DBB03}.Debug|Any CPU.Build.0 = Debug|Any CPU
		{A5EB7AC8-7715-4A42-AB29-43F6D82DBB03}.Release|Any CPU.ActiveCfg = Release|Any CPU
		{A5EB7AC8-7715-4A42-AB29-43F6D82DBB03}.Release|Any CPU.Build.0 = Release|Any CPU
	EndGlobalSection
	GlobalSection(SolutionProperties) = preSolution
		HideSolutionNode = FALSE
	EndGlobalSection
	GlobalSection(ExtensibilityGlobals) = postSolution
		SolutionGuid = {3CA7EA2C-A86E-4A74-97EA-F7AB5AAA6671}
	EndGlobalSection
EndGlobal
